
Microsoft Visual Studio Solution File, Format Version 12.00
# Visual Studio 15
VisualStudioVersion = 15.0.26510.0
MinimumVisualStudioVersion = 10.0.40219.1
Project("{FAE04EC0-301F-11D3-BF4B-00C04F79EFBC}") = "TestAppMobilecenter.Android", "TestAppMobilecenter\TestAppMobilecenter.Android\TestAppMobilecenter.Android.csproj", "{94525E37-B312-4F27-BF4D-2C772E9611F2}"
EndProject
Project("{FAE04EC0-301F-11D3-BF4B-00C04F79EFBC}") = "TestAppMobilecenter", "TestAppMobilecenter\TestAppMobilecenter\TestAppMobilecenter.csproj", "{13455815-D10B-49BD-882F-E0C3F760DD15}"
EndProject
Project("{FAE04EC0-301F-11D3-BF4B-00C04F79EFBC}") = "TestAppMobilecenter.UWP", "TestAppMobilecenter\TestAppMobilecenter.UWP\TestAppMobilecenter.UWP.csproj", "{FFF26ABE-2C54-437D-865E-D9218080EA46}"
EndProject
Project("{FAE04EC0-301F-11D3-BF4B-00C04F79EFBC}") = "TestAppMobilecenter.iOS", "TestAppMobilecenter\TestAppMobilecenter.iOS\TestAppMobilecenter.iOS.csproj", "{EF555FD4-29C4-4430-B191-378B73252EC6}"
EndProject
Global
	GlobalSection(SolutionConfigurationPlatforms) = preSolution
		Ad-Hoc|Any CPU = Ad-Hoc|Any CPU
		Ad-Hoc|ARM = Ad-Hoc|ARM
		Ad-Hoc|iPhone = Ad-Hoc|iPhone
		Ad-Hoc|iPhoneSimulator = Ad-Hoc|iPhoneSimulator
		Ad-Hoc|x64 = Ad-Hoc|x64
		Ad-Hoc|x86 = Ad-Hoc|x86
		AppStore|Any CPU = AppStore|Any CPU
		AppStore|ARM = AppStore|ARM
		AppStore|iPhone = AppStore|iPhone
		AppStore|iPhoneSimulator = AppStore|iPhoneSimulator
		AppStore|x64 = AppStore|x64
		AppStore|x86 = AppStore|x86
		Debug|Any CPU = Debug|Any CPU
		Debug|ARM = Debug|ARM
		Debug|iPhone = Debug|iPhone
		Debug|iPhoneSimulator = Debug|iPhoneSimulator
		Debug|x64 = Debug|x64
		Debug|x86 = Debug|x86
		Release|Any CPU = Release|Any CPU
		Release|ARM = Release|ARM
		Release|iPhone = Release|iPhone
		Release|iPhoneSimulator = Release|iPhoneSimulator
		Release|x64 = Release|x64
		Release|x86 = Release|x86
	EndGlobalSection
	GlobalSection(ProjectConfigurationPlatforms) = postSolution
		{94525E37-B312-4F27-BF4D-2C772E9611F2}.Ad-Hoc|Any CPU.ActiveCfg = Release|Any CPU
		{94525E37-B312-4F27-BF4D-2C772E9611F2}.Ad-Hoc|Any CPU.Build.0 = Release|Any CPU
		{94525E37-B312-4F27-BF4D-2C772E9611F2}.Ad-Hoc|Any CPU.Deploy.0 = Release|Any CPU
		{94525E37-B312-4F27-BF4D-2C772E9611F2}.Ad-Hoc|ARM.ActiveCfg = Release|Any CPU
		{94525E37-B312-4F27-BF4D-2C772E9611F2}.Ad-Hoc|ARM.Build.0 = Release|Any CPU
		{94525E37-B312-4F27-BF4D-2C772E9611F2}.Ad-Hoc|ARM.Deploy.0 = Release|Any CPU
		{94525E37-B312-4F27-BF4D-2C772E9611F2}.Ad-Hoc|iPhone.ActiveCfg = Release|Any CPU
		{94525E37-B312-4F27-BF4D-2C772E9611F2}.Ad-Hoc|iPhone.Build.0 = Release|Any CPU
		{94525E37-B312-4F27-BF4D-2C772E9611F2}.Ad-Hoc|iPhone.Deploy.0 = Release|Any CPU
		{94525E37-B312-4F27-BF4D-2C772E9611F2}.Ad-Hoc|iPhoneSimulator.ActiveCfg = Release|Any CPU
		{94525E37-B312-4F27-BF4D-2C772E9611F2}.Ad-Hoc|iPhoneSimulator.Build.0 = Release|Any CPU
		{94525E37-B312-4F27-BF4D-2C772E9611F2}.Ad-Hoc|iPhoneSimulator.Deploy.0 = Release|Any CPU
		{94525E37-B312-4F27-BF4D-2C772E9611F2}.Ad-Hoc|x64.ActiveCfg = Release|Any CPU
		{94525E37-B312-4F27-BF4D-2C772E9611F2}.Ad-Hoc|x64.Build.0 = Release|Any CPU
		{94525E37-B312-4F27-BF4D-2C772E9611F2}.Ad-Hoc|x64.Deploy.0 = Release|Any CPU
		{94525E37-B312-4F27-BF4D-2C772E9611F2}.Ad-Hoc|x86.ActiveCfg = Release|Any CPU
		{94525E37-B312-4F27-BF4D-2C772E9611F2}.Ad-Hoc|x86.Build.0 = Release|Any CPU
		{94525E37-B312-4F27-BF4D-2C772E9611F2}.Ad-Hoc|x86.Deploy.0 = Release|Any CPU
		{94525E37-B312-4F27-BF4D-2C772E9611F2}.AppStore|Any CPU.ActiveCfg = Release|Any CPU
		{94525E37-B312-4F27-BF4D-2C772E9611F2}.AppStore|Any CPU.Build.0 = Release|Any CPU
		{94525E37-B312-4F27-BF4D-2C772E9611F2}.AppStore|Any CPU.Deploy.0 = Release|Any CPU
		{94525E37-B312-4F27-BF4D-2C772E9611F2}.AppStore|ARM.ActiveCfg = Release|Any CPU
		{94525E37-B312-4F27-BF4D-2C772E9611F2}.AppStore|ARM.Build.0 = Release|Any CPU
		{94525E37-B312-4F27-BF4D-2C772E9611F2}.AppStore|ARM.Deploy.0 = Release|Any CPU
		{94525E37-B312-4F27-BF4D-2C772E9611F2}.AppStore|iPhone.ActiveCfg = Release|Any CPU
		{94525E37-B312-4F27-BF4D-2C772E9611F2}.AppStore|iPhone.Build.0 = Release|Any CPU
		{94525E37-B312-4F27-BF4D-2C772E9611F2}.AppStore|iPhone.Deploy.0 = Release|Any CPU
		{94525E37-B312-4F27-BF4D-2C772E9611F2}.AppStore|iPhoneSimulator.ActiveCfg = Release|Any CPU
		{94525E37-B312-4F27-BF4D-2C772E9611F2}.AppStore|iPhoneSimulator.Build.0 = Release|Any CPU
		{94525E37-B312-4F27-BF4D-2C772E9611F2}.AppStore|iPhoneSimulator.Deploy.0 = Release|Any CPU
		{94525E37-B312-4F27-BF4D-2C772E9611F2}.AppStore|x64.ActiveCfg = Release|Any CPU
		{94525E37-B312-4F27-BF4D-2C772E9611F2}.AppStore|x64.Build.0 = Release|Any CPU
		{94525E37-B312-4F27-BF4D-2C772E9611F2}.AppStore|x64.Deploy.0 = Release|Any CPU
		{94525E37-B312-4F27-BF4D-2C772E9611F2}.AppStore|x86.ActiveCfg = Release|Any CPU
		{94525E37-B312-4F27-BF4D-2C772E9611F2}.AppStore|x86.Build.0 = Release|Any CPU
		{94525E37-B312-4F27-BF4D-2C772E9611F2}.AppStore|x86.Deploy.0 = Release|Any CPU
		{94525E37-B312-4F27-BF4D-2C772E9611F2}.Debug|Any CPU.ActiveCfg = Debug|Any CPU
		{94525E37-B312-4F27-BF4D-2C772E9611F2}.Debug|Any CPU.Build.0 = Debug|Any CPU
		{94525E37-B312-4F27-BF4D-2C772E9611F2}.Debug|Any CPU.Deploy.0 = Debug|Any CPU
		{94525E37-B312-4F27-BF4D-2C772E9611F2}.Debug|ARM.ActiveCfg = Debug|Any CPU
		{94525E37-B312-4F27-BF4D-2C772E9611F2}.Debug|ARM.Build.0 = Debug|Any CPU
		{94525E37-B312-4F27-BF4D-2C772E9611F2}.Debug|ARM.Deploy.0 = Debug|Any CPU
		{94525E37-B312-4F27-BF4D-2C772E9611F2}.Debug|iPhone.ActiveCfg = Debug|Any CPU
		{94525E37-B312-4F27-BF4D-2C772E9611F2}.Debug|iPhone.Build.0 = Debug|Any CPU
		{94525E37-B312-4F27-BF4D-2C772E9611F2}.Debug|iPhone.Deploy.0 = Debug|Any CPU
		{94525E37-B312-4F27-BF4D-2C772E9611F2}.Debug|iPhoneSimulator.ActiveCfg = Debug|Any CPU
		{94525E37-B312-4F27-BF4D-2C772E9611F2}.Debug|iPhoneSimulator.Build.0 = Debug|Any CPU
		{94525E37-B312-4F27-BF4D-2C772E9611F2}.Debug|iPhoneSimulator.Deploy.0 = Debug|Any CPU
		{94525E37-B312-4F27-BF4D-2C772E9611F2}.Debug|x64.ActiveCfg = Debug|Any CPU
		{94525E37-B312-4F27-BF4D-2C772E9611F2}.Debug|x64.Build.0 = Debug|Any CPU
		{94525E37-B312-4F27-BF4D-2C772E9611F2}.Debug|x64.Deploy.0 = Debug|Any CPU
		{94525E37-B312-4F27-BF4D-2C772E9611F2}.Debug|x86.ActiveCfg = Debug|Any CPU
		{94525E37-B312-4F27-BF4D-2C772E9611F2}.Debug|x86.Build.0 = Debug|Any CPU
		{94525E37-B312-4F27-BF4D-2C772E9611F2}.Debug|x86.Deploy.0 = Debug|Any CPU
		{94525E37-B312-4F27-BF4D-2C772E9611F2}.Release|Any CPU.ActiveCfg = Release|Any CPU
		{94525E37-B312-4F27-BF4D-2C772E9611F2}.Release|Any CPU.Build.0 = Release|Any CPU
		{94525E37-B312-4F27-BF4D-2C772E9611F2}.Release|Any CPU.Deploy.0 = Release|Any CPU
		{94525E37-B312-4F27-BF4D-2C772E9611F2}.Release|ARM.ActiveCfg = Release|Any CPU
		{94525E37-B312-4F27-BF4D-2C772E9611F2}.Release|ARM.Build.0 = Release|Any CPU
		{94525E37-B312-4F27-BF4D-2C772E9611F2}.Release|ARM.Deploy.0 = Release|Any CPU
		{94525E37-B312-4F27-BF4D-2C772E9611F2}.Release|iPhone.ActiveCfg = Release|Any CPU
		{94525E37-B312-4F27-BF4D-2C772E9611F2}.Release|iPhone.Build.0 = Release|Any CPU
		{94525E37-B312-4F27-BF4D-2C772E9611F2}.Release|iPhone.Deploy.0 = Release|Any CPU
		{94525E37-B312-4F27-BF4D-2C772E9611F2}.Release|iPhoneSimulator.ActiveCfg = Release|Any CPU
		{94525E37-B312-4F27-BF4D-2C772E9611F2}.Release|iPhoneSimulator.Build.0 = Release|Any CPU
		{94525E37-B312-4F27-BF4D-2C772E9611F2}.Release|iPhoneSimulator.Deploy.0 = Release|Any CPU
		{94525E37-B312-4F27-BF4D-2C772E9611F2}.Release|x64.ActiveCfg = Release|Any CPU
		{94525E37-B312-4F27-BF4D-2C772E9611F2}.Release|x64.Build.0 = Release|Any CPU
		{94525E37-B312-4F27-BF4D-2C772E9611F2}.Release|x64.Deploy.0 = Release|Any CPU
		{94525E37-B312-4F27-BF4D-2C772E9611F2}.Release|x86.ActiveCfg = Release|Any CPU
		{94525E37-B312-4F27-BF4D-2C772E9611F2}.Release|x86.Build.0 = Release|Any CPU
		{94525E37-B312-4F27-BF4D-2C772E9611F2}.Release|x86.Deploy.0 = Release|Any CPU
		{13455815-D10B-49BD-882F-E0C3F760DD15}.Ad-Hoc|Any CPU.ActiveCfg = Release|Any CPU
		{13455815-D10B-49BD-882F-E0C3F760DD15}.Ad-Hoc|Any CPU.Build.0 = Release|Any CPU
		{13455815-D10B-49BD-882F-E0C3F760DD15}.Ad-Hoc|ARM.ActiveCfg = Release|Any CPU
		{13455815-D10B-49BD-882F-E0C3F760DD15}.Ad-Hoc|ARM.Build.0 = Release|Any CPU
		{13455815-D10B-49BD-882F-E0C3F760DD15}.Ad-Hoc|iPhone.ActiveCfg = Release|Any CPU
		{13455815-D10B-49BD-882F-E0C3F760DD15}.Ad-Hoc|iPhone.Build.0 = Release|Any CPU
		{13455815-D10B-49BD-882F-E0C3F760DD15}.Ad-Hoc|iPhoneSimulator.ActiveCfg = Release|Any CPU
		{13455815-D10B-49BD-882F-E0C3F760DD15}.Ad-Hoc|iPhoneSimulator.Build.0 = Release|Any CPU
		{13455815-D10B-49BD-882F-E0C3F760DD15}.Ad-Hoc|x64.ActiveCfg = Release|Any CPU
		{13455815-D10B-49BD-882F-E0C3F760DD15}.Ad-Hoc|x64.Build.0 = Release|Any CPU
		{13455815-D10B-49BD-882F-E0C3F760DD15}.Ad-Hoc|x86.ActiveCfg = Release|Any CPU
		{13455815-D10B-49BD-882F-E0C3F760DD15}.Ad-Hoc|x86.Build.0 = Release|Any CPU
		{13455815-D10B-49BD-882F-E0C3F760DD15}.AppStore|Any CPU.ActiveCfg = Release|Any CPU
		{13455815-D10B-49BD-882F-E0C3F760DD15}.AppStore|Any CPU.Build.0 = Release|Any CPU
		{13455815-D10B-49BD-882F-E0C3F760DD15}.AppStore|ARM.ActiveCfg = Release|Any CPU
		{13455815-D10B-49BD-882F-E0C3F760DD15}.AppStore|ARM.Build.0 = Release|Any CPU
		{13455815-D10B-49BD-882F-E0C3F760DD15}.AppStore|iPhone.ActiveCfg = Release|Any CPU
		{13455815-D10B-49BD-882F-E0C3F760DD15}.AppStore|iPhone.Build.0 = Release|Any CPU
		{13455815-D10B-49BD-882F-E0C3F760DD15}.AppStore|iPhoneSimulator.ActiveCfg = Release|Any CPU
		{13455815-D10B-49BD-882F-E0C3F760DD15}.AppStore|iPhoneSimulator.Build.0 = Release|Any CPU
		{13455815-D10B-49BD-882F-E0C3F760DD15}.AppStore|x64.ActiveCfg = Release|Any CPU
		{13455815-D10B-49BD-882F-E0C3F760DD15}.AppStore|x64.Build.0 = Release|Any CPU
		{13455815-D10B-49BD-882F-E0C3F760DD15}.AppStore|x86.ActiveCfg = Release|Any CPU
		{13455815-D10B-49BD-882F-E0C3F760DD15}.AppStore|x86.Build.0 = Release|Any CPU
		{13455815-D10B-49BD-882F-E0C3F760DD15}.Debug|Any CPU.ActiveCfg = Debug|Any CPU
		{13455815-D10B-49BD-882F-E0C3F760DD15}.Debug|Any CPU.Build.0 = Debug|Any CPU
		{13455815-D10B-49BD-882F-E0C3F760DD15}.Debug|ARM.ActiveCfg = Debug|Any CPU
		{13455815-D10B-49BD-882F-E0C3F760DD15}.Debug|ARM.Build.0 = Debug|Any CPU
		{13455815-D10B-49BD-882F-E0C3F760DD15}.Debug|iPhone.ActiveCfg = Debug|Any CPU
		{13455815-D10B-49BD-882F-E0C3F760DD15}.Debug|iPhone.Build.0 = Debug|Any CPU
		{13455815-D10B-49BD-882F-E0C3F760DD15}.Debug|iPhoneSimulator.ActiveCfg = Debug|Any CPU
		{13455815-D10B-49BD-882F-E0C3F760DD15}.Debug|iPhoneSimulator.Build.0 = Debug|Any CPU
		{13455815-D10B-49BD-882F-E0C3F760DD15}.Debug|x64.ActiveCfg = Debug|Any CPU
		{13455815-D10B-49BD-882F-E0C3F760DD15}.Debug|x64.Build.0 = Debug|Any CPU
		{13455815-D10B-49BD-882F-E0C3F760DD15}.Debug|x86.ActiveCfg = Debug|Any CPU
		{13455815-D10B-49BD-882F-E0C3F760DD15}.Debug|x86.Build.0 = Debug|Any CPU
		{13455815-D10B-49BD-882F-E0C3F760DD15}.Release|Any CPU.ActiveCfg = Release|Any CPU
		{13455815-D10B-49BD-882F-E0C3F760DD15}.Release|Any CPU.Build.0 = Release|Any CPU
		{13455815-D10B-49BD-882F-E0C3F760DD15}.Release|ARM.ActiveCfg = Release|Any CPU
		{13455815-D10B-49BD-882F-E0C3F760DD15}.Release|ARM.Build.0 = Release|Any CPU
		{13455815-D10B-49BD-882F-E0C3F760DD15}.Release|iPhone.ActiveCfg = Release|Any CPU
		{13455815-D10B-49BD-882F-E0C3F760DD15}.Release|iPhone.Build.0 = Release|Any CPU
		{13455815-D10B-49BD-882F-E0C3F760DD15}.Release|iPhoneSimulator.ActiveCfg = Release|Any CPU
		{13455815-D10B-49BD-882F-E0C3F760DD15}.Release|iPhoneSimulator.Build.0 = Release|Any CPU
		{13455815-D10B-49BD-882F-E0C3F760DD15}.Release|x64.ActiveCfg = Release|Any CPU
		{13455815-D10B-49BD-882F-E0C3F760DD15}.Release|x64.Build.0 = Release|Any CPU
		{13455815-D10B-49BD-882F-E0C3F760DD15}.Release|x86.ActiveCfg = Release|Any CPU
		{13455815-D10B-49BD-882F-E0C3F760DD15}.Release|x86.Build.0 = Release|Any CPU
		{FFF26ABE-2C54-437D-865E-D9218080EA46}.Ad-Hoc|Any CPU.ActiveCfg = Release|x86
		{FFF26ABE-2C54-437D-865E-D9218080EA46}.Ad-Hoc|Any CPU.Build.0 = Release|x86
		{FFF26ABE-2C54-437D-865E-D9218080EA46}.Ad-Hoc|Any CPU.Deploy.0 = Release|x86
		{FFF26ABE-2C54-437D-865E-D9218080EA46}.Ad-Hoc|ARM.ActiveCfg = Release|ARM
		{FFF26ABE-2C54-437D-865E-D9218080EA46}.Ad-Hoc|ARM.Build.0 = Release|ARM
		{FFF26ABE-2C54-437D-865E-D9218080EA46}.Ad-Hoc|ARM.Deploy.0 = Release|ARM
		{FFF26ABE-2C54-437D-865E-D9218080EA46}.Ad-Hoc|iPhone.ActiveCfg = Release|x86
		{FFF26ABE-2C54-437D-865E-D9218080EA46}.Ad-Hoc|iPhone.Build.0 = Release|x86
		{FFF26ABE-2C54-437D-865E-D9218080EA46}.Ad-Hoc|iPhone.Deploy.0 = Release|x86
		{FFF26ABE-2C54-437D-865E-D9218080EA46}.Ad-Hoc|iPhoneSimulator.ActiveCfg = Release|x86
		{FFF26ABE-2C54-437D-865E-D9218080EA46}.Ad-Hoc|iPhoneSimulator.Build.0 = Release|x86
		{FFF26ABE-2C54-437D-865E-D9218080EA46}.Ad-Hoc|iPhoneSimulator.Deploy.0 = Release|x86
		{FFF26ABE-2C54-437D-865E-D9218080EA46}.Ad-Hoc|x64.ActiveCfg = Release|x64
		{FFF26ABE-2C54-437D-865E-D9218080EA46}.Ad-Hoc|x64.Build.0 = Release|x64
		{FFF26ABE-2C54-437D-865E-D9218080EA46}.Ad-Hoc|x64.Deploy.0 = Release|x64
		{FFF26ABE-2C54-437D-865E-D9218080EA46}.Ad-Hoc|x86.ActiveCfg = Release|x86
		{FFF26ABE-2C54-437D-865E-D9218080EA46}.Ad-Hoc|x86.Build.0 = Release|x86
		{FFF26ABE-2C54-437D-865E-D9218080EA46}.Ad-Hoc|x86.Deploy.0 = Release|x86
		{FFF26ABE-2C54-437D-865E-D9218080EA46}.AppStore|Any CPU.ActiveCfg = Release|x86
		{FFF26ABE-2C54-437D-865E-D9218080EA46}.AppStore|Any CPU.Build.0 = Release|x86
		{FFF26ABE-2C54-437D-865E-D9218080EA46}.AppStore|Any CPU.Deploy.0 = Release|x86
		{FFF26ABE-2C54-437D-865E-D9218080EA46}.AppStore|ARM.ActiveCfg = Release|ARM
		{FFF26ABE-2C54-437D-865E-D9218080EA46}.AppStore|ARM.Build.0 = Release|ARM
		{FFF26ABE-2C54-437D-865E-D9218080EA46}.AppStore|ARM.Deploy.0 = Release|ARM
		{FFF26ABE-2C54-437D-865E-D9218080EA46}.AppStore|iPhone.ActiveCfg = Release|x86
		{FFF26ABE-2C54-437D-865E-D9218080EA46}.AppStore|iPhone.Build.0 = Release|x86
		{FFF26ABE-2C54-437D-865E-D9218080EA46}.AppStore|iPhone.Deploy.0 = Release|x86
		{FFF26ABE-2C54-437D-865E-D9218080EA46}.AppStore|iPhoneSimulator.ActiveCfg = Release|x86
		{FFF26ABE-2C54-437D-865E-D9218080EA46}.AppStore|iPhoneSimulator.Build.0 = Release|x86
		{FFF26ABE-2C54-437D-865E-D9218080EA46}.AppStore|iPhoneSimulator.Deploy.0 = Release|x86
		{FFF26ABE-2C54-437D-865E-D9218080EA46}.AppStore|x64.ActiveCfg = Release|x64
		{FFF26ABE-2C54-437D-865E-D9218080EA46}.AppStore|x64.Build.0 = Release|x64
		{FFF26ABE-2C54-437D-865E-D9218080EA46}.AppStore|x64.Deploy.0 = Release|x64
		{FFF26ABE-2C54-437D-865E-D9218080EA46}.AppStore|x86.ActiveCfg = Release|x86
		{FFF26ABE-2C54-437D-865E-D9218080EA46}.AppStore|x86.Build.0 = Release|x86
		{FFF26ABE-2C54-437D-865E-D9218080EA46}.AppStore|x86.Deploy.0 = Release|x86
		{FFF26ABE-2C54-437D-865E-D9218080EA46}.Debug|Any CPU.ActiveCfg = Debug|x86
		{FFF26ABE-2C54-437D-865E-D9218080EA46}.Debug|ARM.ActiveCfg = Debug|ARM
		{FFF26ABE-2C54-437D-865E-D9218080EA46}.Debug|ARM.Build.0 = Debug|ARM
		{FFF26ABE-2C54-437D-865E-D9218080EA46}.Debug|ARM.Deploy.0 = Debug|ARM
		{FFF26ABE-2C54-437D-865E-D9218080EA46}.Debug|iPhone.ActiveCfg = Debug|x86
		{FFF26ABE-2C54-437D-865E-D9218080EA46}.Debug|iPhoneSimulator.ActiveCfg = Debug|x86
		{FFF26ABE-2C54-437D-865E-D9218080EA46}.Debug|x64.ActiveCfg = Debug|x64
		{FFF26ABE-2C54-437D-865E-D9218080EA46}.Debug|x64.Build.0 = Debug|x64
		{FFF26ABE-2C54-437D-865E-D9218080EA46}.Debug|x64.Deploy.0 = Debug|x64
		{FFF26ABE-2C54-437D-865E-D9218080EA46}.Debug|x86.ActiveCfg = Debug|x86
		{FFF26ABE-2C54-437D-865E-D9218080EA46}.Debug|x86.Build.0 = Debug|x86
		{FFF26ABE-2C54-437D-865E-D9218080EA46}.Debug|x86.Deploy.0 = Debug|x86
		{FFF26ABE-2C54-437D-865E-D9218080EA46}.Release|Any CPU.ActiveCfg = Release|x86
		{FFF26ABE-2C54-437D-865E-D9218080EA46}.Release|ARM.ActiveCfg = Release|ARM
		{FFF26ABE-2C54-437D-865E-D9218080EA46}.Release|ARM.Build.0 = Release|ARM
		{FFF26ABE-2C54-437D-865E-D9218080EA46}.Release|ARM.Deploy.0 = Release|ARM
		{FFF26ABE-2C54-437D-865E-D9218080EA46}.Release|iPhone.ActiveCfg = Release|x86
		{FFF26ABE-2C54-437D-865E-D9218080EA46}.Release|iPhoneSimulator.ActiveCfg = Release|x86
		{FFF26ABE-2C54-437D-865E-D9218080EA46}.Release|x64.ActiveCfg = Release|x64
		{FFF26ABE-2C54-437D-865E-D9218080EA46}.Release|x64.Build.0 = Release|x64
		{FFF26ABE-2C54-437D-865E-D9218080EA46}.Release|x64.Deploy.0 = Release|x64
		{FFF26ABE-2C54-437D-865E-D9218080EA46}.Release|x86.ActiveCfg = Release|x86
		{FFF26ABE-2C54-437D-865E-D9218080EA46}.Release|x86.Build.0 = Release|x86
		{FFF26ABE-2C54-437D-865E-D9218080EA46}.Release|x86.Deploy.0 = Release|x86
		{EF555FD4-29C4-4430-B191-378B73252EC6}.Ad-Hoc|Any CPU.ActiveCfg = Ad-Hoc|iPhone
		{EF555FD4-29C4-4430-B191-378B73252EC6}.Ad-Hoc|ARM.ActiveCfg = Ad-Hoc|iPhone
		{EF555FD4-29C4-4430-B191-378B73252EC6}.Ad-Hoc|iPhone.ActiveCfg = Ad-Hoc|iPhone
		{EF555FD4-29C4-4430-B191-378B73252EC6}.Ad-Hoc|iPhone.Build.0 = Ad-Hoc|iPhone
		{EF555FD4-29C4-4430-B191-378B73252EC6}.Ad-Hoc|iPhoneSimulator.ActiveCfg = Ad-Hoc|iPhoneSimulator
		{EF555FD4-29C4-4430-B191-378B73252EC6}.Ad-Hoc|iPhoneSimulator.Build.0 = Ad-Hoc|iPhoneSimulator
		{EF555FD4-29C4-4430-B191-378B73252EC6}.Ad-Hoc|x64.ActiveCfg = Ad-Hoc|iPhone
		{EF555FD4-29C4-4430-B191-378B73252EC6}.Ad-Hoc|x86.ActiveCfg = Ad-Hoc|iPhone
		{EF555FD4-29C4-4430-B191-378B73252EC6}.AppStore|Any CPU.ActiveCfg = AppStore|iPhone
		{EF555FD4-29C4-4430-B191-378B73252EC6}.AppStore|ARM.ActiveCfg = AppStore|iPhone
		{EF555FD4-29C4-4430-B191-378B73252EC6}.AppStore|iPhone.ActiveCfg = AppStore|iPhone
		{EF555FD4-29C4-4430-B191-378B73252EC6}.AppStore|iPhone.Build.0 = AppStore|iPhone
		{EF555FD4-29C4-4430-B191-378B73252EC6}.AppStore|iPhoneSimulator.ActiveCfg = AppStore|iPhoneSimulator
		{EF555FD4-29C4-4430-B191-378B73252EC6}.AppStore|iPhoneSimulator.Build.0 = AppStore|iPhoneSimulator
		{EF555FD4-29C4-4430-B191-378B73252EC6}.AppStore|x64.ActiveCfg = AppStore|iPhone
		{EF555FD4-29C4-4430-B191-378B73252EC6}.AppStore|x86.ActiveCfg = AppStore|iPhone
		{EF555FD4-29C4-4430-B191-378B73252EC6}.Debug|Any CPU.ActiveCfg = Debug|iPhone
		{EF555FD4-29C4-4430-B191-378B73252EC6}.Debug|ARM.ActiveCfg = Debug|iPhone
		{EF555FD4-29C4-4430-B191-378B73252EC6}.Debug|iPhone.ActiveCfg = Debug|iPhone
		{EF555FD4-29C4-4430-B191-378B73252EC6}.Debug|iPhone.Build.0 = Debug|iPhone
		{EF555FD4-29C4-4430-B191-378B73252EC6}.Debug|iPhoneSimulator.ActiveCfg = Debug|iPhoneSimulator
		{EF555FD4-29C4-4430-B191-378B73252EC6}.Debug|iPhoneSimulator.Build.0 = Debug|iPhoneSimulator
		{EF555FD4-29C4-4430-B191-378B73252EC6}.Debug|x64.ActiveCfg = Debug|iPhone
		{EF555FD4-29C4-4430-B191-378B73252EC6}.Debug|x86.ActiveCfg = Debug|iPhone
		{EF555FD4-29C4-4430-B191-378B73252EC6}.Release|Any CPU.ActiveCfg = Release|iPhone
		{EF555FD4-29C4-4430-B191-378B73252EC6}.Release|ARM.ActiveCfg = Release|iPhone
		{EF555FD4-29C4-4430-B191-378B73252EC6}.Release|iPhone.ActiveCfg = Release|iPhone
		{EF555FD4-29C4-4430-B191-378B73252EC6}.Release|iPhone.Build.0 = Release|iPhone
		{EF555FD4-29C4-4430-B191-378B73252EC6}.Release|iPhoneSimulator.ActiveCfg = Release|iPhoneSimulator
		{EF555FD4-29C4-4430-B191-378B73252EC6}.Release|iPhoneSimulator.Build.0 = Release|iPhoneSimulator
		{EF555FD4-29C4-4430-B191-378B73252EC6}.Release|x64.ActiveCfg = Release|iPhone
		{EF555FD4-29C4-4430-B191-378B73252EC6}.Release|x86.ActiveCfg = Release|iPhone
	EndGlobalSection
	GlobalSection(SolutionProperties) = preSolution
		HideSolutionNode = FALSE
	EndGlobalSection
EndGlobal
